<dec f='webkit/WebKitBuild/Debug/usr/local/include/bmalloc/IsoTLSDeallocatorEntry.h' l='43' type='bmalloc::Mutex'/>
<use f='webkit/WebKitBuild/Debug/usr/local/include/bmalloc/IsoTLSDeallocatorEntryInlines.h' l='43' c='_ZN7bmalloc22IsoTLSDeallocatorEntry9constructEPv'/>
<doc f='webkit/WebKitBuild/Debug/usr/local/include/bmalloc/IsoTLSDeallocatorEntry.h' l='41'>// This is used as the heap lock, since heaps in the same size class share the same deallocator
    // logs.</doc>
<dec f='webkit/Source/bmalloc/bmalloc/IsoTLSDeallocatorEntry.h' l='43' type='bmalloc::Mutex'/>
<doc f='webkit/Source/bmalloc/bmalloc/IsoTLSDeallocatorEntry.h' l='41'>// This is used as the heap lock, since heaps in the same size class share the same deallocator
    // logs.</doc>
