<dec f='webkit/Source/ThirdParty/libwebrtc/Source/third_party/boringssl/src/crypto/pool/internal.h' l='37' type='CRYPTO_MUTEX'/>
<use f='webkit/Source/ThirdParty/libwebrtc/Source/third_party/boringssl/src/crypto/pool/pool.c' l='54' u='a' c='CRYPTO_BUFFER_POOL_new'/>
<use f='webkit/Source/ThirdParty/libwebrtc/Source/third_party/boringssl/src/crypto/pool/pool.c' l='65' u='a' c='CRYPTO_BUFFER_POOL_free'/>
<use f='webkit/Source/ThirdParty/libwebrtc/Source/third_party/boringssl/src/crypto/pool/pool.c' l='67' u='a' c='CRYPTO_BUFFER_POOL_free'/>
<use f='webkit/Source/ThirdParty/libwebrtc/Source/third_party/boringssl/src/crypto/pool/pool.c' l='71' u='a' c='CRYPTO_BUFFER_POOL_free'/>
<use f='webkit/Source/ThirdParty/libwebrtc/Source/third_party/boringssl/src/crypto/pool/pool.c' l='82' u='a' c='CRYPTO_BUFFER_new'/>
<use f='webkit/Source/ThirdParty/libwebrtc/Source/third_party/boringssl/src/crypto/pool/pool.c' l='88' u='a' c='CRYPTO_BUFFER_new'/>
<use f='webkit/Source/ThirdParty/libwebrtc/Source/third_party/boringssl/src/crypto/pool/pool.c' l='116' u='a' c='CRYPTO_BUFFER_new'/>
<use f='webkit/Source/ThirdParty/libwebrtc/Source/third_party/boringssl/src/crypto/pool/pool.c' l='126' u='a' c='CRYPTO_BUFFER_new'/>
<use f='webkit/Source/ThirdParty/libwebrtc/Source/third_party/boringssl/src/crypto/pool/pool.c' l='180' u='a' c='CRYPTO_BUFFER_free'/>
<use f='webkit/Source/ThirdParty/libwebrtc/Source/third_party/boringssl/src/crypto/pool/pool.c' l='182' u='a' c='CRYPTO_BUFFER_free'/>
<use f='webkit/Source/ThirdParty/libwebrtc/Source/third_party/boringssl/src/crypto/pool/pool.c' l='194' u='a' c='CRYPTO_BUFFER_free'/>
<offset>64</offset>
