<dec f='webkit/Source/WebCore/platform/graphics/avfoundation/AudioSourceProviderAVFObjC.mm' l='62' type='WTF::Lock'/>
<use f='webkit/Source/WebCore/platform/graphics/avfoundation/AudioSourceProviderAVFObjC.mm' l='96' u='m' c='_ZN7WebCore26AudioSourceProviderAVFObjC12provideInputEPNS_8AudioBusEm'/>
<use f='webkit/Source/WebCore/platform/graphics/avfoundation/AudioSourceProviderAVFObjC.mm' l='100' u='a' c='_ZN7WebCore26AudioSourceProviderAVFObjC12provideInputEPNS_8AudioBusEm'/>
<use f='webkit/Source/WebCore/platform/graphics/avfoundation/AudioSourceProviderAVFObjC.mm' l='182' u='a' c='_ZN7WebCore26AudioSourceProviderAVFObjC18destroyMixIfNeededEv'/>
<use f='webkit/Source/WebCore/platform/graphics/avfoundation/AudioSourceProviderAVFObjC.mm' l='206' u='a' c='_ZN7WebCore26AudioSourceProviderAVFObjC17createMixIfNeededEv'/>
<use f='webkit/Source/WebCore/platform/graphics/avfoundation/AudioSourceProviderAVFObjC.mm' l='261' u='a' c='_ZN7WebCore26AudioSourceProviderAVFObjC15prepareCallbackEPK26opaqueMTAudioProcessingTaplPK27AudioStreamBasicDescription'/>
<use f='webkit/Source/WebCore/platform/graphics/avfoundation/AudioSourceProviderAVFObjC.mm' l='272' u='a' c='_ZN7WebCore26AudioSourceProviderAVFObjC17unprepareCallbackEPK26opaqueMTAudioProcessingTap'/>
<use f='webkit/Source/WebCore/platform/graphics/avfoundation/AudioSourceProviderAVFObjC.mm' l='283' u='a' c='_ZN7WebCore26AudioSourceProviderAVFObjC15processCallbackEPK26opaqueMTAudioProcessingTapljP15AudioBufferListPlPj'/>
<offset>128</offset>
