<dec f='webkit/Source/ThirdParty/libwebrtc/Source/third_party/boringssl/src/include/openssl/x509.h' l='215' type='CRYPTO_MUTEX'/>
<offset>1408</offset>
<use f='webkit/Source/ThirdParty/libwebrtc/Source/third_party/boringssl/src/crypto/x509/x_x509.c' l='109' u='a' c='x509_cb'/>
<use f='webkit/Source/ThirdParty/libwebrtc/Source/third_party/boringssl/src/crypto/x509/x_x509.c' l='150' u='a' c='x509_cb'/>
<use f='webkit/Source/ThirdParty/libwebrtc/Source/third_party/boringssl/src/crypto/x509v3/v3_purp.c' l='426' u='a' c='x509v3_cache_extensions'/>
<use f='webkit/Source/ThirdParty/libwebrtc/Source/third_party/boringssl/src/crypto/x509v3/v3_purp.c' l='428' u='a' c='x509v3_cache_extensions'/>
<use f='webkit/Source/ThirdParty/libwebrtc/Source/third_party/boringssl/src/crypto/x509v3/v3_purp.c' l='434' u='a' c='x509v3_cache_extensions'/>
<use f='webkit/Source/ThirdParty/libwebrtc/Source/third_party/boringssl/src/crypto/x509v3/v3_purp.c' l='436' u='a' c='x509v3_cache_extensions'/>
<use f='webkit/Source/ThirdParty/libwebrtc/Source/third_party/boringssl/src/crypto/x509v3/v3_purp.c' l='598' u='a' c='x509v3_cache_extensions'/>
