<dec f='webkit/Source/ThirdParty/libwebrtc/Source/third_party/boringssl/src/crypto/internal.h' l='659' type='struct CRYPTO_STATIC_MUTEX'/>
<offset>0</offset>
<use f='webkit/Source/ThirdParty/libwebrtc/Source/third_party/boringssl/src/crypto/ex_data.c' l='146' u='a' c='CRYPTO_get_ex_new_index'/>
<use f='webkit/Source/ThirdParty/libwebrtc/Source/third_party/boringssl/src/crypto/ex_data.c' l='164' u='a' c='CRYPTO_get_ex_new_index'/>
<use f='webkit/Source/ThirdParty/libwebrtc/Source/third_party/boringssl/src/crypto/ex_data.c' l='213' u='a' c='get_func_pointers'/>
<use f='webkit/Source/ThirdParty/libwebrtc/Source/third_party/boringssl/src/crypto/ex_data.c' l='218' u='a' c='get_func_pointers'/>
