<dec f='webkit/Source/ThirdParty/libwebrtc/Source/third_party/boringssl/src/crypto/internal.h' l='523' type='pthread_rwlock_t'/>
<offset>0</offset>
<use f='webkit/Source/ThirdParty/libwebrtc/Source/third_party/boringssl/src/crypto/thread_pthread.c' l='69' u='a' c='CRYPTO_STATIC_MUTEX_lock_read'/>
<use f='webkit/Source/ThirdParty/libwebrtc/Source/third_party/boringssl/src/crypto/thread_pthread.c' l='75' u='a' c='CRYPTO_STATIC_MUTEX_lock_write'/>
<use f='webkit/Source/ThirdParty/libwebrtc/Source/third_party/boringssl/src/crypto/thread_pthread.c' l='81' u='a' c='CRYPTO_STATIC_MUTEX_unlock_read'/>
<use f='webkit/Source/ThirdParty/libwebrtc/Source/third_party/boringssl/src/crypto/thread_pthread.c' l='87' u='a' c='CRYPTO_STATIC_MUTEX_unlock_write'/>
