<dec f='webkit/Source/ThirdParty/libwebrtc/Source/third_party/boringssl/src/include/openssl/rsa.h' l='751' type='CRYPTO_MUTEX'/>
<offset>704</offset>
<use f='webkit/Source/ThirdParty/libwebrtc/Source/third_party/boringssl/src/crypto/fipsmodule/rsa/rsa.c' l='107' u='a' c='RSA_new_method'/>
<use f='webkit/Source/ThirdParty/libwebrtc/Source/third_party/boringssl/src/crypto/fipsmodule/rsa/rsa.c' l='112' u='a' c='RSA_new_method'/>
<use f='webkit/Source/ThirdParty/libwebrtc/Source/third_party/boringssl/src/crypto/fipsmodule/rsa/rsa.c' l='159' u='a' c='RSA_free'/>
<use f='webkit/Source/ThirdParty/libwebrtc/Source/third_party/boringssl/src/crypto/fipsmodule/rsa/rsa_impl.c' l='142' u='a' c='freeze_private_key'/>
<use f='webkit/Source/ThirdParty/libwebrtc/Source/third_party/boringssl/src/crypto/fipsmodule/rsa/rsa_impl.c' l='144' u='a' c='freeze_private_key'/>
<use f='webkit/Source/ThirdParty/libwebrtc/Source/third_party/boringssl/src/crypto/fipsmodule/rsa/rsa_impl.c' l='150' u='a' c='freeze_private_key'/>
<use f='webkit/Source/ThirdParty/libwebrtc/Source/third_party/boringssl/src/crypto/fipsmodule/rsa/rsa_impl.c' l='254' u='a' c='freeze_private_key'/>
<use f='webkit/Source/ThirdParty/libwebrtc/Source/third_party/boringssl/src/crypto/fipsmodule/rsa/rsa_impl.c' l='324' u='a' c='RSA_encrypt'/>
<use f='webkit/Source/ThirdParty/libwebrtc/Source/third_party/boringssl/src/crypto/fipsmodule/rsa/rsa_impl.c' l='373' u='a' c='rsa_blinding_get'/>
<use f='webkit/Source/ThirdParty/libwebrtc/Source/third_party/boringssl/src/crypto/fipsmodule/rsa/rsa_impl.c' l='461' u='a' c='rsa_blinding_get'/>
<use f='webkit/Source/ThirdParty/libwebrtc/Source/third_party/boringssl/src/crypto/fipsmodule/rsa/rsa_impl.c' l='475' u='a' c='rsa_blinding_release'/>
<use f='webkit/Source/ThirdParty/libwebrtc/Source/third_party/boringssl/src/crypto/fipsmodule/rsa/rsa_impl.c' l='477' u='a' c='rsa_blinding_release'/>
<use f='webkit/Source/ThirdParty/libwebrtc/Source/third_party/boringssl/src/crypto/fipsmodule/rsa/rsa_impl.c' l='651' u='a' c='RSA_verify_raw'/>
