<dec f='webkit/Source/ThirdParty/ANGLE/src/libANGLE/renderer/metal/DisplayMtl.mm' l='110' type='std::mutex'/>
<use f='webkit/Source/ThirdParty/ANGLE/src/libANGLE/renderer/metal/DisplayMtl.mm' l='1027' u='a' c='_ZN2rx10DisplayMtl23initializeShaderLibraryEv'/>
<use f='webkit/Source/ThirdParty/ANGLE/src/libANGLE/renderer/metal/DisplayMtl.mm' l='1044' u='a' c='_ZN2rx10DisplayMtl20getDefaultShadersLibEv'/>
<offset>512</offset>
