<dec f='webkit/Source/ThirdParty/libwebrtc/Source/third_party/boringssl/src/ssl/internal.h' l='3265' type='CRYPTO_MUTEX'/>
<offset>128</offset>
<doc f='webkit/Source/ThirdParty/libwebrtc/Source/third_party/boringssl/src/ssl/internal.h' l='3264'>// lock is used to protect various operations on this object.</doc>
<use f='webkit/Source/ThirdParty/libwebrtc/Source/third_party/boringssl/src/ssl/handshake_server.cc' l='616' u='a' c='_ZN4bsslL20do_read_client_helloEPNS_13SSL_HANDSHAKEE'/>
<use f='webkit/Source/ThirdParty/libwebrtc/Source/third_party/boringssl/src/ssl/ssl_lib.cc' l='308' u='a' c='_ZN4bssl16ssl_update_cacheEPNS_13SSL_HANDSHAKEEi'/>
<use f='webkit/Source/ThirdParty/libwebrtc/Source/third_party/boringssl/src/ssl/ssl_lib.cc' l='314' u='a' c='_ZN4bssl16ssl_update_cacheEPNS_13SSL_HANDSHAKEEi'/>
<use f='webkit/Source/ThirdParty/libwebrtc/Source/third_party/boringssl/src/ssl/ssl_lib.cc' l='569' u='a' c='_ZN10ssl_ctx_stC1EPK13ssl_method_st'/>
<use f='webkit/Source/ThirdParty/libwebrtc/Source/third_party/boringssl/src/ssl/ssl_lib.cc' l='581' u='a' c='_ZN10ssl_ctx_stD1Ev'/>
<use f='webkit/Source/ThirdParty/libwebrtc/Source/third_party/boringssl/src/ssl/ssl_lib.cc' l='1889' u='a' c='SSL_CTX_sess_number'/>
<use f='webkit/Source/ThirdParty/libwebrtc/Source/third_party/boringssl/src/ssl/ssl_lib.cc' l='1930' u='a' c='SSL_CTX_get_tlsext_ticket_keys'/>
<use f='webkit/Source/ThirdParty/libwebrtc/Source/third_party/boringssl/src/ssl/ssl_lib.cc' l='2249' u='a' c='SSL_CTX_set1_ech_server_config_list'/>
<use f='webkit/Source/ThirdParty/libwebrtc/Source/third_party/boringssl/src/ssl/ssl_session.cc' l='410' u='a' c='_ZN4bssl36ssl_ctx_rotate_ticket_encryption_keyEP10ssl_ctx_st'/>
<use f='webkit/Source/ThirdParty/libwebrtc/Source/third_party/boringssl/src/ssl/ssl_session.cc' l='420' u='a' c='_ZN4bssl36ssl_ctx_rotate_ticket_encryption_keyEP10ssl_ctx_st'/>
<use f='webkit/Source/ThirdParty/libwebrtc/Source/third_party/boringssl/src/ssl/ssl_session.cc' l='485' u='a' c='_ZN4bsslL34ssl_encrypt_ticket_with_cipher_ctxEPNS_13SSL_HANDSHAKEEP6cbb_stPKhm'/>
<use f='webkit/Source/ThirdParty/libwebrtc/Source/third_party/boringssl/src/ssl/ssl_session.cc' l='665' u='a' c='_ZN4bsslL18ssl_lookup_sessionEPNS_13SSL_HANDSHAKEEPNSt3__110unique_ptrI14ssl_session_stNS_8internal7DeleterIS4_EEEENS_4SpanIKhEE'/>
<use f='webkit/Source/ThirdParty/libwebrtc/Source/third_party/boringssl/src/ssl/ssl_session.cc' l='762' u='a' c='_ZN4bsslL19remove_session_lockEP10ssl_ctx_stP14ssl_session_sti'/>
<use f='webkit/Source/ThirdParty/libwebrtc/Source/third_party/boringssl/src/ssl/ssl_session.cc' l='773' u='a' c='_ZN4bsslL19remove_session_lockEP10ssl_ctx_stP14ssl_session_sti'/>
<use f='webkit/Source/ThirdParty/libwebrtc/Source/third_party/boringssl/src/ssl/ssl_session.cc' l='1129' u='a' c='SSL_CTX_add_session'/>
<use f='webkit/Source/ThirdParty/libwebrtc/Source/third_party/boringssl/src/ssl/ssl_session.cc' l='1242' u='a' c='SSL_CTX_flush_sessions'/>
<use f='webkit/Source/ThirdParty/libwebrtc/Source/third_party/boringssl/src/ssl/ssl_x509.cc' l='794' u='a' c='SSL_CTX_get0_certificate'/>
<use f='webkit/Source/ThirdParty/libwebrtc/Source/third_party/boringssl/src/ssl/ssl_x509.cc' l='962' u='a' c='SSL_CTX_get0_chain_certs'/>
<use f='webkit/Source/ThirdParty/libwebrtc/Source/third_party/boringssl/src/ssl/ssl_x509.cc' l='1149' u='a' c='SSL_CTX_get_client_CA_list'/>
<use f='webkit/Source/ThirdParty/libwebrtc/Source/third_party/boringssl/src/ssl/t1_lib.cc' l='4011' u='a' c='_ZN4bsslL35ssl_decrypt_ticket_with_ticket_keysEPNS_13SSL_HANDSHAKEEPNS_5ArrayIhEENS_4SpanIKhEE'/>
